
Microsoft Visual Studio Solution File, Format Version 12.00
# Visual Studio Version 16
VisualStudioVersion = 16.0.29613.14
MinimumVisualStudioVersion = 10.0.40219.1
Project("{FAE04EC0-301F-11D3-BF4B-00C04F79EFBC}") = "HW1", "HW1\HW1.csproj", "{D64BEB5D-69EE-4140-B090-273FD6244611}"
EndProject
Global
	GlobalSection(SolutionConfigurationPlatforms) = preSolution
		Debug|Any CPU = Debug|Any CPU
		Release|Any CPU = Release|Any CPU
	EndGlobalSection
	GlobalSection(ProjectConfigurationPlatforms) = postSolution
		{D64BEB5D-69EE-4140-B090-273FD6244611}.Debug|Any CPU.ActiveCfg = Debug|Any CPU
		{D64BEB5D-69EE-4140-B090-273FD6244611}.Debug|Any CPU.Build.0 = Debug|Any CPU
		{D64BEB5D-69EE-4140-B090-273FD6244611}.Release|Any CPU.ActiveCfg = Release|Any CPU
		{D64BEB5D-69EE-4140-B090-273FD6244611}.Release|Any CPU.Build.0 = Release|Any CPU
	EndGlobalSection
	GlobalSection(SolutionProperties) = preSolution
		HideSolutionNode = FALSE
	EndGlobalSection
	GlobalSection(ExtensibilityGlobals) = postSolution
		SolutionGuid = {028FEEBF-5735-4231-BD7D-487E638F1D32}
	EndGlobalSection
EndGlobal
